
Microsoft Visual Studio Solution File, Format Version 12.00
# Visual Studio Version 16
VisualStudioVersion = 16.0.32002.261
MinimumVisualStudioVersion = 10.0.40219.1
Project("{8BC9CEB8-8B4A-11D0-8D11-00A0C91BC942}") = "bmad script engine", "bmad script engine\bmad script engine.vcxproj", "{FC8E91E1-83C8-4FE5-81D6-A71A7542DF6D}"
EndProject
Global
	GlobalSection(SolutionConfigurationPlatforms) = preSolution
		Debug|x64 = Debug|x64
		Debug|x86 = Debug|x86
		Release|x64 = Release|x64
		Release|x86 = Release|x86
	EndGlobalSection
	GlobalSection(ProjectConfigurationPlatforms) = postSolution
		{FC8E91E1-83C8-4FE5-81D6-A71A7542DF6D}.Debug|x64.ActiveCfg = Debug|x64
		{FC8E91E1-83C8-4FE5-81D6-A71A7542DF6D}.Debug|x64.Build.0 = Debug|x64
		{FC8E91E1-83C8-4FE5-81D6-A71A7542DF6D}.Debug|x86.ActiveCfg = Debug|Win32
		{FC8E91E1-83C8-4FE5-81D6-A71A7542DF6D}.Debug|x86.Build.0 = Debug|Win32
		{FC8E91E1-83C8-4FE5-81D6-A71A7542DF6D}.Release|x64.ActiveCfg = Release|x64
		{FC8E91E1-83C8-4FE5-81D6-A71A7542DF6D}.Release|x64.Build.0 = Release|x64
		{FC8E91E1-83C8-4FE5-81D6-A71A7542DF6D}.Release|x86.ActiveCfg = Release|Win32
		{FC8E91E1-83C8-4FE5-81D6-A71A7542DF6D}.Release|x86.Build.0 = Release|Win32
	EndGlobalSection
	GlobalSection(SolutionProperties) = preSolution
		HideSolutionNode = FALSE
	EndGlobalSection
	GlobalSection(ExtensibilityGlobals) = postSolution
		SolutionGuid = {6547F672-B82B-4838-BD18-A55B46D87895}
	EndGlobalSection
EndGlobal
